# This file is automatically @generated by Cargo.
# It is not intended for manual editing.
version = 3

[[package]]
name = "compiler_builtins"
version = "0.1.72"
source = "registry+https://github.com/rust-lang/crates.io-index"
checksum = "afdbb35d279238cf77f0c9e8d90ad50d6c7bff476ab342baafa29440f0f10bff"

[[package]]
name = "echidna"
version = "0.1.0"
dependencies = [
 "compiler_builtins",
]
